
Microsoft Visual Studio Solution File, Format Version 12.00
# Visual Studio Version 16
VisualStudioVersion = 16.0.30621.155
MinimumVisualStudioVersion = 10.0.40219.1
Project("{FAE04EC0-301F-11D3-BF4B-00C04F79EFBC}") = "WPF_Sprint2", "WPF_Sprint2\WPF_Sprint2.csproj", "{417C9E4F-20E2-4854-8A36-93D4D6A8C417}"
EndProject
Global
	GlobalSection(SolutionConfigurationPlatforms) = preSolution
		Debug|Any CPU = Debug|Any CPU
		Release|Any CPU = Release|Any CPU
	EndGlobalSection
	GlobalSection(ProjectConfigurationPlatforms) = postSolution
		{417C9E4F-20E2-4854-8A36-93D4D6A8C417}.Debug|Any CPU.ActiveCfg = Debug|Any CPU
		{417C9E4F-20E2-4854-8A36-93D4D6A8C417}.Debug|Any CPU.Build.0 = Debug|Any CPU
		{417C9E4F-20E2-4854-8A36-93D4D6A8C417}.Release|Any CPU.ActiveCfg = Release|Any CPU
		{417C9E4F-20E2-4854-8A36-93D4D6A8C417}.Release|Any CPU.Build.0 = Release|Any CPU
	EndGlobalSection
	GlobalSection(SolutionProperties) = preSolution
		HideSolutionNode = FALSE
	EndGlobalSection
	GlobalSection(ExtensibilityGlobals) = postSolution
		SolutionGuid = {5875FC0E-0280-44AD-847D-24ABBD8BD1C4}
	EndGlobalSection
EndGlobal
